
Microsoft Visual Studio Solution File, Format Version 12.00
# Visual Studio Version 17
VisualStudioVersion = 17.1.32228.430
MinimumVisualStudioVersion = 10.0.40219.1
Project("{8BC9CEB8-8B4A-11D0-8D11-00A0C91BC942}") = "CarExampleProject", "CarExampleProject\CarExampleProject.vcxproj", "{AFB4A903-4BD0-4DD4-9760-B05E8B485E6B}"
EndProject
Global
	GlobalSection(SolutionConfigurationPlatforms) = preSolution
		Debug|x64 = Debug|x64
		Debug|x86 = Debug|x86
		Release|x64 = Release|x64
		Release|x86 = Release|x86
	EndGlobalSection
	GlobalSection(ProjectConfigurationPlatforms) = postSolution
		{AFB4A903-4BD0-4DD4-9760-B05E8B485E6B}.Debug|x64.ActiveCfg = Debug|x64
		{AFB4A903-4BD0-4DD4-9760-B05E8B485E6B}.Debug|x64.Build.0 = Debug|x64
		{AFB4A903-4BD0-4DD4-9760-B05E8B485E6B}.Debug|x86.ActiveCfg = Debug|Win32
		{AFB4A903-4BD0-4DD4-9760-B05E8B485E6B}.Debug|x86.Build.0 = Debug|Win32
		{AFB4A903-4BD0-4DD4-9760-B05E8B485E6B}.Release|x64.ActiveCfg = Release|x64
		{AFB4A903-4BD0-4DD4-9760-B05E8B485E6B}.Release|x64.Build.0 = Release|x64
		{AFB4A903-4BD0-4DD4-9760-B05E8B485E6B}.Release|x86.ActiveCfg = Release|Win32
		{AFB4A903-4BD0-4DD4-9760-B05E8B485E6B}.Release|x86.Build.0 = Release|Win32
	EndGlobalSection
	GlobalSection(SolutionProperties) = preSolution
		HideSolutionNode = FALSE
	EndGlobalSection
	GlobalSection(ExtensibilityGlobals) = postSolution
		SolutionGuid = {A91A5C83-C551-4916-902B-23767E9398E0}
	EndGlobalSection
EndGlobal
